
Microsoft Visual Studio Solution File, Format Version 12.00
# Visual Studio Version 16
VisualStudioVersion = 16.0.31515.178
MinimumVisualStudioVersion = 10.0.40219.1
Project("{2150E333-8FDC-42A3-9474-1A3956D46DE8}") = "FrontEnd", "FrontEnd", "{12012F85-A8FE-42BF-9EA6-ED6137E685EF}"
EndProject
Project("{9A19103F-16F7-4668-BE54-9A1E7A4F7556}") = "Mango.Web", "Mango.Web\Mango.Web.csproj", "{1BDA61D4-1E92-46FD-B96C-83CA56143975}"
EndProject
Project("{2150E333-8FDC-42A3-9474-1A3956D46DE8}") = "Services", "Services", "{819F86FF-A513-4642-B1DC-CD6DFDFE6FD9}"
EndProject
Project("{9A19103F-16F7-4668-BE54-9A1E7A4F7556}") = "Mango.Services.ProductApi", "Mango.Services.ProductApi\Mango.Services.ProductApi.csproj", "{54B4B26B-C6BE-4334-881D-AC59D9A9C6B2}"
EndProject
Project("{9A19103F-16F7-4668-BE54-9A1E7A4F7556}") = "Mango.Services.Identity", "Mango.Services.Identity\Mango.Services.Identity.csproj", "{5F0313CC-8279-4BA0-A88C-6F46ADF78CF9}"
EndProject
Project("{9A19103F-16F7-4668-BE54-9A1E7A4F7556}") = "Mango.Services.ShoppingCartApi", "Mango.Services.ShoppingCartApi\Mango.Services.ShoppingCartApi.csproj", "{60EAEC8C-DBBE-4D8E-A176-EB49022734F6}"
EndProject
Project("{9A19103F-16F7-4668-BE54-9A1E7A4F7556}") = "Mango.Services.CouponApi", "Mango.Services.CouponApi\Mango.Services.CouponApi.csproj", "{280F8549-3513-40D7-A13D-AE60674B0895}"
EndProject
Project("{2150E333-8FDC-42A3-9474-1A3956D46DE8}") = "Integration", "Integration", "{FEB8C6D9-27C5-49D2-B227-4D790B78FE6F}"
EndProject
Project("{9A19103F-16F7-4668-BE54-9A1E7A4F7556}") = "Mango.MessageBus", "Mango.MessageBus\Mango.MessageBus.csproj", "{7C31E100-6073-4994-9CAB-DD936EED87F6}"
EndProject
Project("{FAE04EC0-301F-11D3-BF4B-00C04F79EFBC}") = "Mango.Services.OrderApi", "Mango.Services.OrderApi\Mango.Services.OrderApi.csproj", "{1CB7C594-7B8B-4071-90BB-F86E6800D495}"
EndProject
Global
	GlobalSection(SolutionConfigurationPlatforms) = preSolution
		Debug|Any CPU = Debug|Any CPU
		Release|Any CPU = Release|Any CPU
	EndGlobalSection
	GlobalSection(ProjectConfigurationPlatforms) = postSolution
		{1BDA61D4-1E92-46FD-B96C-83CA56143975}.Debug|Any CPU.ActiveCfg = Debug|Any CPU
		{1BDA61D4-1E92-46FD-B96C-83CA56143975}.Debug|Any CPU.Build.0 = Debug|Any CPU
		{1BDA61D4-1E92-46FD-B96C-83CA56143975}.Release|Any CPU.ActiveCfg = Release|Any CPU
		{1BDA61D4-1E92-46FD-B96C-83CA56143975}.Release|Any CPU.Build.0 = Release|Any CPU
		{54B4B26B-C6BE-4334-881D-AC59D9A9C6B2}.Debug|Any CPU.ActiveCfg = Debug|Any CPU
		{54B4B26B-C6BE-4334-881D-AC59D9A9C6B2}.Debug|Any CPU.Build.0 = Debug|Any CPU
		{54B4B26B-C6BE-4334-881D-AC59D9A9C6B2}.Release|Any CPU.ActiveCfg = Release|Any CPU
		{54B4B26B-C6BE-4334-881D-AC59D9A9C6B2}.Release|Any CPU.Build.0 = Release|Any CPU
		{5F0313CC-8279-4BA0-A88C-6F46ADF78CF9}.Debug|Any CPU.ActiveCfg = Debug|Any CPU
		{5F0313CC-8279-4BA0-A88C-6F46ADF78CF9}.Debug|Any CPU.Build.0 = Debug|Any CPU
		{5F0313CC-8279-4BA0-A88C-6F46ADF78CF9}.Release|Any CPU.ActiveCfg = Release|Any CPU
		{5F0313CC-8279-4BA0-A88C-6F46ADF78CF9}.Release|Any CPU.Build.0 = Release|Any CPU
		{60EAEC8C-DBBE-4D8E-A176-EB49022734F6}.Debug|Any CPU.ActiveCfg = Debug|Any CPU
		{60EAEC8C-DBBE-4D8E-A176-EB49022734F6}.Debug|Any CPU.Build.0 = Debug|Any CPU
		{60EAEC8C-DBBE-4D8E-A176-EB49022734F6}.Release|Any CPU.ActiveCfg = Release|Any CPU
		{60EAEC8C-DBBE-4D8E-A176-EB49022734F6}.Release|Any CPU.Build.0 = Release|Any CPU
		{280F8549-3513-40D7-A13D-AE60674B0895}.Debug|Any CPU.ActiveCfg = Debug|Any CPU
		{280F8549-3513-40D7-A13D-AE60674B0895}.Debug|Any CPU.Build.0 = Debug|Any CPU
		{280F8549-3513-40D7-A13D-AE60674B0895}.Release|Any CPU.ActiveCfg = Release|Any CPU
		{280F8549-3513-40D7-A13D-AE60674B0895}.Release|Any CPU.Build.0 = Release|Any CPU
		{7C31E100-6073-4994-9CAB-DD936EED87F6}.Debug|Any CPU.ActiveCfg = Debug|Any CPU
		{7C31E100-6073-4994-9CAB-DD936EED87F6}.Debug|Any CPU.Build.0 = Debug|Any CPU
		{7C31E100-6073-4994-9CAB-DD936EED87F6}.Release|Any CPU.ActiveCfg = Release|Any CPU
		{7C31E100-6073-4994-9CAB-DD936EED87F6}.Release|Any CPU.Build.0 = Release|Any CPU
		{1CB7C594-7B8B-4071-90BB-F86E6800D495}.Debug|Any CPU.ActiveCfg = Debug|Any CPU
		{1CB7C594-7B8B-4071-90BB-F86E6800D495}.Debug|Any CPU.Build.0 = Debug|Any CPU
		{1CB7C594-7B8B-4071-90BB-F86E6800D495}.Release|Any CPU.ActiveCfg = Release|Any CPU
		{1CB7C594-7B8B-4071-90BB-F86E6800D495}.Release|Any CPU.Build.0 = Release|Any CPU
	EndGlobalSection
	GlobalSection(SolutionProperties) = preSolution
		HideSolutionNode = FALSE
	EndGlobalSection
	GlobalSection(NestedProjects) = preSolution
		{1BDA61D4-1E92-46FD-B96C-83CA56143975} = {12012F85-A8FE-42BF-9EA6-ED6137E685EF}
		{54B4B26B-C6BE-4334-881D-AC59D9A9C6B2} = {819F86FF-A513-4642-B1DC-CD6DFDFE6FD9}
		{5F0313CC-8279-4BA0-A88C-6F46ADF78CF9} = {819F86FF-A513-4642-B1DC-CD6DFDFE6FD9}
		{60EAEC8C-DBBE-4D8E-A176-EB49022734F6} = {819F86FF-A513-4642-B1DC-CD6DFDFE6FD9}
		{280F8549-3513-40D7-A13D-AE60674B0895} = {819F86FF-A513-4642-B1DC-CD6DFDFE6FD9}
		{7C31E100-6073-4994-9CAB-DD936EED87F6} = {FEB8C6D9-27C5-49D2-B227-4D790B78FE6F}
		{1CB7C594-7B8B-4071-90BB-F86E6800D495} = {819F86FF-A513-4642-B1DC-CD6DFDFE6FD9}
	EndGlobalSection
	GlobalSection(ExtensibilityGlobals) = postSolution
		SolutionGuid = {73DFF470-6348-492C-B2A8-9361FC9D5A82}
	EndGlobalSection
EndGlobal
